<?xml version="1.0" encoding="utf-8"?>
<Project ToolsVersion="4.0" xmlns="http://schemas.microsoft.com/developer/msbuild/2003">
  <ItemGroup>
    <Filter Include="Engine">
      <UniqueIdentifier>{7e77c3be-e239-4d17-9fdf-4e5cf790462e}</UniqueIdentifier>
    </Filter>
    <Filter Include="System">
      <UniqueIdentifier>{3a1ee633-003d-4548-81c5-b832416a27b0}</UniqueIdentifier>
    </Filter>
    <Filter Include="System\InputSystem">
      <UniqueIdentifier>{c2822ade-a453-41a2-9637-16b8bfa30966}</UniqueIdentifier>
    </Filter>
    <Filter Include="System\InputSystem\KeyBoard">
      <UniqueIdentifier>{e1d6ba88-1dd9-4ab4-a2e7-7d82d2dd796f}</UniqueIdentifier>
    </Filter>
    <Filter Include="System\InputSystem\Mouse">
      <UniqueIdentifier>{e6fc4ebf-1bbc-401b-841b-3e84c1b99d49}</UniqueIdentifier>
    </Filter>
    <Filter Include="System\TimeSystem">
      <UniqueIdentifier>{aee01a16-f387-40d6-a376-10ff33d06331}</UniqueIdentifier>
    </Filter>
    <Filter Include="Tool">
      <UniqueIdentifier>{514d5822-1061-49d8-aff3-3cefe8394b25}</UniqueIdentifier>
    </Filter>
    <Filter Include="Tool\TSingleton">
      <UniqueIdentifier>{15a5dbb6-405b-4753-abdd-4593fc3c6273}</UniqueIdentifier>
    </Filter>
    <Filter Include="Render">
      <UniqueIdentifier>{5b7a535f-235c-466c-922b-372074ed0b58}</UniqueIdentifier>
    </Filter>
    <Filter Include="Engine\header">
      <UniqueIdentifier>{a0d6f400-86b8-4672-a77b-597e7376cd33}</UniqueIdentifier>
    </Filter>
    <Filter Include="Tool\Helper">
      <UniqueIdentifier>{c2d4b476-4b81-485b-b23e-baf2aa94f926}</UniqueIdentifier>
    </Filter>
  </ItemGroup>
  <ItemGroup>
    <ClInclude Include="GameApp.h">
      <Filter>Engine</Filter>
    </ClInclude>
    <ClInclude Include="Keyboard_InputSystem.h">
      <Filter>System\InputSystem\KeyBoard</Filter>
    </ClInclude>
    <ClInclude Include="Mouse_InputSystem.h">
      <Filter>System\InputSystem\Mouse</Filter>
    </ClInclude>
    <ClInclude Include="pch.h">
      <Filter>Engine\header</Filter>
    </ClInclude>
    <ClInclude Include="TimeSystem.h">
      <Filter>System\TimeSystem</Filter>
    </ClInclude>
    <ClInclude Include="TSingleton.h">
      <Filter>Tool\TSingleton</Filter>
    </ClInclude>
    <ClInclude Include="Renderer.h">
      <Filter>Render</Filter>
    </ClInclude>
    <ClInclude Include="Helper.h">
      <Filter>Tool\Helper</Filter>
    </ClInclude>
    <ClInclude Include="Define.h" />
  </ItemGroup>
  <ItemGroup>
    <ClCompile Include="GameApp.cpp">
      <Filter>Engine</Filter>
    </ClCompile>
    <ClCompile Include="Keyboard_InputSystem.cpp">
      <Filter>System\InputSystem\KeyBoard</Filter>
    </ClCompile>
    <ClCompile Include="Mouse_InputSystem.cpp">
      <Filter>System\InputSystem\Mouse</Filter>
    </ClCompile>
    <ClCompile Include="TimeSystem.cpp">
      <Filter>System\TimeSystem</Filter>
    </ClCompile>
    <ClCompile Include="pch.cpp">
      <Filter>Engine\header</Filter>
    </ClCompile>
    <ClCompile Include="Renderer.cpp">
      <Filter>Render</Filter>
    </ClCompile>
    <ClCompile Include="Helper.cpp">
      <Filter>Tool\Helper</Filter>
    </ClCompile>
  </ItemGroup>
</Project>